{
  "name": "tree-sitter-multipart",
  "version": "0.1.0",
  "lockfileVersion": 3,
  "requires": true,
  "packages": {
    "": {
      "name": "tree-sitter-multipart",
      "version": "0.1.0",
      "license": "MIT",
      "devDependencies": {
        "tree-sitter-cli": "^0.25.8"
      }
    },
    "node_modules/tree-sitter-cli": {
      "version": "0.25.8",
      "resolved": "https://registry.npmjs.org/tree-sitter-cli/-/tree-sitter-cli-0.25.8.tgz",
      "integrity": "sha512-avR7qo4qT+dNv2jj4M2e79vfc2etbWK6/umWcRsnEX1LTRhUL6p5AgGe6dP7+cV/RYFFk/VBz1rJuVCk+w5H2A==",
      "dev": true,
      "hasInstallScript": true,
      "license": "MIT",
      "bin": {
        "tree-sitter": "cli.js"
      },
      "engines": {
        "node": ">=12.0.0"
      }
    }
  }
}
